// !$*UTF8*$!
{
	archiveVersion = 1;
	classes = {
	};
	objectVersion = 56;
	objects = {

/* Begin PBXBuildFile section */
		FA1234A9 /* StreamyyyAppApp.swift in Sources */ = {isa = PBXBuildFile; fileRef = FA1234A8 /* StreamyyyAppApp.swift */; };
		FA1234AB /* ContentView.swift in Sources */ = {isa = PBXBuildFile; fileRef = FA1234AA /* ContentView.swift */; };
		FA1234AD /* Assets.xcassets in Resources */ = {isa = PBXBuildFile; fileRef = FA1234AC /* Assets.xcassets */; };
		FA1234B0 /* LaunchScreen.storyboard in Resources */ = {isa = PBXBuildFile; fileRef = FA1234AE /* LaunchScreen.storyboard */; };
		FA1234B2 /* Config.swift in Sources */ = {isa = PBXBuildFile; fileRef = FA1234B1 /* Config.swift */; };
		FA1234B4 /* NetworkManager.swift in Sources */ = {isa = PBXBuildFile; fileRef = FA1234B3 /* NetworkManager.swift */; };
		FA1234B6 /* AnalyticsManager.swift in Sources */ = {isa = PBXBuildFile; fileRef = FA1234B5 /* AnalyticsManager.swift */; };
		FA1234B8 /* NotificationManager.swift in Sources */ = {isa = PBXBuildFile; fileRef = FA1234B7 /* NotificationManager.swift */; };
		FA1234BA /* ClerkManager.swift in Sources */ = {isa = PBXBuildFile; fileRef = FA1234B9 /* ClerkManager.swift */; };
		FA1234BC /* SentryManager.swift in Sources */ = {isa = PBXBuildFile; fileRef = FA1234BB /* SentryManager.swift */; };
		FA1234BE /* StripeManager.swift in Sources */ = {isa = PBXBuildFile; fileRef = FA1234BD /* StripeManager.swift */; };
		FA1234C0 /* DesignSystemManagers.swift in Sources */ = {isa = PBXBuildFile; fileRef = FA1234BF /* DesignSystemManagers.swift */; };
		FA1234C2 /* TwitchIntegrationTest.swift in Sources */ = {isa = PBXBuildFile; fileRef = FA1234C1 /* TwitchIntegrationTest.swift */; };
		
		/* New Files Added */
		FA1234C4 /* StreamGridView.swift in Sources */ = {isa = PBXBuildFile; fileRef = FA1234C5 /* StreamGridView.swift */; };
		FA1234C6 /* StreamPlayerView.swift in Sources */ = {isa = PBXBuildFile; fileRef = FA1234C7 /* StreamPlayerView.swift */; };
		FA1234C8 /* StreamyyyFullDesignSystem.swift in Sources */ = {isa = PBXBuildFile; fileRef = FA1234C9 /* StreamyyyFullDesignSystem.swift */; };
		FA1234CA /* PictureInPictureManager.swift in Sources */ = {isa = PBXBuildFile; fileRef = FA1234CB /* PictureInPictureManager.swift */; };
		FA1234CC /* AppShortcutsManager.swift in Sources */ = {isa = PBXBuildFile; fileRef = FA1234CD /* AppShortcutsManager.swift */; };
		FA1234CE /* StreamWidgets.swift in Sources */ = {isa = PBXBuildFile; fileRef = FA1234CF /* StreamWidgets.swift */; };
		FA1234D0 /* BackgroundSyncManager.swift in Sources */ = {isa = PBXBuildFile; fileRef = FA1234D1 /* BackgroundSyncManager.swift */; };
		FA1234D2 /* StripeService.swift in Sources */ = {isa = PBXBuildFile; fileRef = FA1234D3 /* StripeService.swift */; };
		FA1234D4 /* SupabaseService.swift in Sources */ = {isa = PBXBuildFile; fileRef = FA1234D5 /* SupabaseService.swift */; };
		FA1234D6 /* SubscriptionViewModel.swift in Sources */ = {isa = PBXBuildFile; fileRef = FA1234D7 /* SubscriptionViewModel.swift */; };
		FA1234D8 /* MockStreams.json in Resources */ = {isa = PBXBuildFile; fileRef = FA1234D9 /* MockStreams.json */; };
/* End PBXBuildFile section */

/* Begin PBXFileReference section */
		FA1234A5 /* StreamyyyApp.app */ = {isa = PBXFileReference; explicitFileType = wrapper.application; includeInIndex = 0; path = StreamyyyApp.app; sourceTree = BUILT_PRODUCTS_DIR; };
		FA1234A8 /* StreamyyyAppApp.swift */ = {isa = PBXFileReference; lastKnownFileType = sourcecode.swift; path = StreamyyyAppApp.swift; sourceTree = "<group>"; };
		FA1234AA /* ContentView.swift */ = {isa = PBXFileReference; lastKnownFileType = sourcecode.swift; path = ContentView.swift; sourceTree = "<group>"; };
		FA1234AC /* Assets.xcassets */ = {isa = PBXFileReference; lastKnownFileType = folder.assetcatalog; path = Assets.xcassets; sourceTree = "<group>"; };
		FA1234AE /* LaunchScreen.storyboard */ = {isa = PBXFileReference; lastKnownFileType = file.storyboard; path = LaunchScreen.storyboard; sourceTree = "<group>"; };
		FA1234B1 /* Config.swift */ = {isa = PBXFileReference; lastKnownFileType = sourcecode.swift; path = Config.swift; sourceTree = "<group>"; };
		FA1234B3 /* NetworkManager.swift */ = {isa = PBXFileReference; lastKnownFileType = sourcecode.swift; path = NetworkManager.swift; sourceTree = "<group>"; };
		FA1234B5 /* AnalyticsManager.swift */ = {isa = PBXFileReference; lastKnownFileType = sourcecode.swift; path = AnalyticsManager.swift; sourceTree = "<group>"; };
		FA1234B7 /* NotificationManager.swift */ = {isa = PBXFileReference; lastKnownFileType = sourcecode.swift; path = NotificationManager.swift; sourceTree = "<group>"; };
		FA1234B9 /* ClerkManager.swift */ = {isa = PBXFileReference; lastKnownFileType = sourcecode.swift; path = ClerkManager.swift; sourceTree = "<group>"; };
		FA1234BB /* SentryManager.swift */ = {isa = PBXFileReference; lastKnownFileType = sourcecode.swift; path = SentryManager.swift; sourceTree = "<group>"; };
		FA1234BD /* StripeManager.swift */ = {isa = PBXFileReference; lastKnownFileType = sourcecode.swift; path = StripeManager.swift; sourceTree = "<group>"; };
		FA1234BF /* DesignSystemManagers.swift */ = {isa = PBXFileReference; lastKnownFileType = sourcecode.swift; path = DesignSystemManagers.swift; sourceTree = "<group>"; };
		FA1234C1 /* TwitchIntegrationTest.swift */ = {isa = PBXFileReference; lastKnownFileType = sourcecode.swift; path = TwitchIntegrationTest.swift; sourceTree = "<group>"; };
		FA1234C3 /* Info.plist */ = {isa = PBXFileReference; lastKnownFileType = text.plist.xml; path = Info.plist; sourceTree = "<group>"; };
		
		/* New File References */
		FA1234C5 /* StreamGridView.swift */ = {isa = PBXFileReference; lastKnownFileType = sourcecode.swift; path = StreamGridView.swift; sourceTree = "<group>"; };
		FA1234C7 /* StreamPlayerView.swift */ = {isa = PBXFileReference; lastKnownFileType = sourcecode.swift; path = StreamPlayerView.swift; sourceTree = "<group>"; };
		FA1234C9 /* StreamyyyFullDesignSystem.swift */ = {isa = PBXFileReference; lastKnownFileType = sourcecode.swift; path = StreamyyyFullDesignSystem.swift; sourceTree = "<group>"; };
		FA1234CB /* PictureInPictureManager.swift */ = {isa = PBXFileReference; lastKnownFileType = sourcecode.swift; path = PictureInPictureManager.swift; sourceTree = "<group>"; };
		FA1234CD /* AppShortcutsManager.swift */ = {isa = PBXFileReference; lastKnownFileType = sourcecode.swift; path = AppShortcutsManager.swift; sourceTree = "<group>"; };
		FA1234CF /* StreamWidgets.swift */ = {isa = PBXFileReference; lastKnownFileType = sourcecode.swift; path = StreamWidgets.swift; sourceTree = "<group>"; };
		FA1234D1 /* BackgroundSyncManager.swift */ = {isa = PBXFileReference; lastKnownFileType = sourcecode.swift; path = BackgroundSyncManager.swift; sourceTree = "<group>"; };
		FA1234D3 /* StripeService.swift */ = {isa = PBXFileReference; lastKnownFileType = sourcecode.swift; path = StripeService.swift; sourceTree = "<group>"; };
		FA1234D5 /* SupabaseService.swift */ = {isa = PBXFileReference; lastKnownFileType = sourcecode.swift; path = SupabaseService.swift; sourceTree = "<group>"; };
		FA1234D7 /* SubscriptionViewModel.swift */ = {isa = PBXFileReference; lastKnownFileType = sourcecode.swift; path = SubscriptionViewModel.swift; sourceTree = "<group>"; };
		FA1234D9 /* MockStreams.json */ = {isa = PBXFileReference; lastKnownFileType = text.json; path = MockStreams.json; sourceTree = "<group>"; };
/* End PBXFileReference section */

/* Begin PBXFrameworksBuildPhase section */
		FA1234A2 /* Frameworks */ = {
			isa = PBXFrameworksBuildPhase;
			buildActionMask = 2147483647;
			files = (
			);
			runOnlyForDeploymentPostprocessing = 0;
		};
/* End PBXFrameworksBuildPhase section */

/* Begin PBXGroup section */
		FA12349C = {
			isa = PBXGroup;
			children = (
				FA1234A7 /* StreamyyyApp */,
				FA1234A6 /* Products */,
			);
			sourceTree = "<group>";
		};
		FA1234A6 /* Products */ = {
			isa = PBXGroup;
			children = (
				FA1234A5 /* StreamyyyApp.app */,
			);
			name = Products;
			sourceTree = "<group>";
		};
		FA1234A7 /* StreamyyyApp */ = {
			isa = PBXGroup;
			children = (
				FA1234A8 /* StreamyyyAppApp.swift */,
				FA1234AA /* ContentView.swift */,
				FA1234B1 /* Config.swift */,
				FA1234B3 /* NetworkManager.swift */,
				FA1234B5 /* AnalyticsManager.swift */,
				FA1234B7 /* NotificationManager.swift */,
				FA1234B9 /* ClerkManager.swift */,
				FA1234BB /* SentryManager.swift */,
				FA1234BD /* StripeManager.swift */,
				FA1234BF /* DesignSystemManagers.swift */,
				FA1234C1 /* TwitchIntegrationTest.swift */,
				
				/* New Files */
				FA1234C5 /* StreamGridView.swift */,
				FA1234C7 /* StreamPlayerView.swift */,
				FA1234C9 /* StreamyyyFullDesignSystem.swift */,
				FA1234CB /* PictureInPictureManager.swift */,
				FA1234CD /* AppShortcutsManager.swift */,
				FA1234CF /* StreamWidgets.swift */,
				FA1234D1 /* BackgroundSyncManager.swift */,
				FA1234D3 /* StripeService.swift */,
				FA1234D5 /* SupabaseService.swift */,
				FA1234D7 /* SubscriptionViewModel.swift */,
				FA1234D9 /* MockStreams.json */,
				
				FA1234AC /* Assets.xcassets */,
				FA1234AE /* LaunchScreen.storyboard */,
				FA1234C3 /* Info.plist */,
				FA1234AF /* Preview Content */,
			);
			path = StreamyyyApp;
			sourceTree = "<group>";
		};
		FA1234AF /* Preview Content */ = {
			isa = PBXGroup;
			children = (
			);
			path = "Preview Content";
			sourceTree = "<group>";
		};
/* End PBXGroup section */

/* Begin PBXNativeTarget section */
		FA1234A4 /* StreamyyyApp */ = {
			isa = PBXNativeTarget;
			buildConfigurationList = FA1234B3 /* Build configuration list for PBXNativeTarget "StreamyyyApp" */;
			buildPhases = (
				FA1234A1 /* Sources */,
				FA1234A2 /* Frameworks */,
				FA1234A3 /* Resources */,
			);
			buildRules = (
			);
			dependencies = (
			);
			name = StreamyyyApp;
			productName = StreamyyyApp;
			productReference = FA1234A5 /* StreamyyyApp.app */;
			productType = "com.apple.product-type.application";
		};
/* End PBXNativeTarget section */

/* Begin PBXProject section */
		FA12349D /* Project object */ = {
			isa = PBXProject;
			attributes = {
				BuildIndependentTargetsInParallel = 1;
				LastSwiftUpdateCheck = 1500;
				LastUpgradeCheck = 1500;
				TargetAttributes = {
					FA1234A4 = {
						CreatedOnToolsVersion = 15.0;
					};
				};
			};
			buildConfigurationList = FA1234A0 /* Build configuration list for PBXProject "StreamyyyApp" */;
			compatibilityVersion = "Xcode 14.0";
			developmentRegion = en;
			hasScannedForEncodings = 0;
			knownRegions = (
				en,
				Base,
			);
			mainGroup = FA12349C;
			productRefGroup = FA1234A6 /* Products */;
			projectDirPath = "";
			projectRoot = "";
			targets = (
				FA1234A4 /* StreamyyyApp */,
			);
		};
/* End PBXProject section */

/* Begin PBXResourcesBuildPhase section */
		FA1234A3 /* Resources */ = {
			isa = PBXResourcesBuildPhase;
			buildActionMask = 2147483647;
			files = (
				FA1234B0 /* LaunchScreen.storyboard in Resources */,
				FA1234AD /* Assets.xcassets in Resources */,
				FA1234D8 /* MockStreams.json in Resources */,
			);
			runOnlyForDeploymentPostprocessing = 0;
		};
/* End PBXResourcesBuildPhase section */

/* Begin PBXSourcesBuildPhase section */
		FA1234A1 /* Sources */ = {
			isa = PBXSourcesBuildPhase;
			buildActionMask = 2147483647;
			files = (
				FA1234AB /* ContentView.swift in Sources */,
				FA1234A9 /* StreamyyyAppApp.swift in Sources */,
				FA1234B2 /* Config.swift in Sources */,
				FA1234B4 /* NetworkManager.swift in Sources */,
				FA1234B6 /* AnalyticsManager.swift in Sources */,
				FA1234B8 /* NotificationManager.swift in Sources */,
				FA1234BA /* ClerkManager.swift in Sources */,
				FA1234BC /* SentryManager.swift in Sources */,
				FA1234BE /* StripeManager.swift in Sources */,
				FA1234C0 /* DesignSystemManagers.swift in Sources */,
				FA1234C2 /* TwitchIntegrationTest.swift in Sources */,
				
				/* New Files in Sources */
				FA1234C4 /* StreamGridView.swift in Sources */,
				FA1234C6 /* StreamPlayerView.swift in Sources */,
				FA1234C8 /* StreamyyyFullDesignSystem.swift in Sources */,
				FA1234CA /* PictureInPictureManager.swift in Sources */,
				FA1234CC /* AppShortcutsManager.swift in Sources */,
				FA1234CE /* StreamWidgets.swift in Sources */,
				FA1234D0 /* BackgroundSyncManager.swift in Sources */,
				FA1234D2 /* StripeService.swift in Sources */,
				FA1234D4 /* SupabaseService.swift in Sources */,
				FA1234D6 /* SubscriptionViewModel.swift in Sources */,
			);
			runOnlyForDeploymentPostprocessing = 0;
		};
/* End PBXSourcesBuildPhase section */

/* Begin PBXVariantGroup section */
		FA1234AE /* LaunchScreen.storyboard */ = {
			isa = PBXVariantGroup;
			children = (
				FA1234AF /* Base */,
			);
			name = LaunchScreen.storyboard;
			sourceTree = "<group>";
		};
/* End PBXVariantGroup section */

/* Begin XCBuildConfiguration section */
		FA1234B1 /* Debug */ = {
			isa = XCBuildConfiguration;
			buildSettings = {
				ALWAYS_SEARCH_USER_PATHS = NO;
				ASSETCATALOG_COMPILER_GENERATE_SWIFT_ASSET_SYMBOL_EXTENSIONS = YES;
				CLANG_ANALYZER_NONNULL = YES;
				CLANG_ANALYZER_NUMBER_OBJECT_CONVERSION = YES_AGGRESSIVE;
				CLANG_CXX_LANGUAGE_STANDARD = "gnu++20";
				CLANG_ENABLE_MODULES = YES;
				CLANG_ENABLE_OBJC_ARC = YES;
				CLANG_ENABLE_OBJC_WEAK = YES;
				CLANG_WARN_BLOCK_CAPTURE_AUTORELEASING = YES;
				CLANG_WARN_BOOL_CONVERSION = YES;
				CLANG_WARN_COMMA = YES;
				CLANG_WARN_CONSTANT_CONVERSION = YES;
				CLANG_WARN_DEPRECATED_OBJC_IMPLEMENTATIONS = YES;
				CLANG_WARN_DIRECT_OBJC_ISA_USAGE = YES_ERROR;
				CLANG_WARN_DOCUMENTATION_COMMENTS = YES;
				CLANG_WARN_EMPTY_BODY = YES;
				CLANG_WARN_ENUM_CONVERSION = YES;
				CLANG_WARN_INFINITE_RECURSION = YES;
				CLANG_WARN_INT_CONVERSION = YES;
				CLANG_WARN_NON_LITERAL_NULL_CONVERSION = YES;
				CLANG_WARN_OBJC_IMPLICIT_RETAIN_SELF = YES;
				CLANG_WARN_OBJC_LITERAL_CONVERSION = YES;
				CLANG_WARN_OBJC_ROOT_CLASS = YES_ERROR;
				CLANG_WARN_QUOTED_INCLUDE_IN_FRAMEWORK_HEADER = YES;
				CLANG_WARN_RANGE_LOOP_ANALYSIS = YES;
				CLANG_WARN_STRICT_PROTOTYPES = YES;
				CLANG_WARN_SUSPICIOUS_MOVE = YES;
				CLANG_WARN_UNGUARDED_AVAILABILITY = YES_AGGRESSIVE;
				CLANG_WARN_UNREACHABLE_CODE = YES;
				CLANG_WARN__DUPLICATE_METHOD_MATCH = YES;
				COPY_PHASE_STRIP = NO;
				DEBUG_INFORMATION_FORMAT = dwarf;
				ENABLE_STRICT_OBJC_MSGSEND = YES;
				ENABLE_TESTABILITY = YES;
				ENABLE_USER_SCRIPT_SANDBOXING = YES;
				GCC_C_LANGUAGE_STANDARD = gnu17;
				GCC_DYNAMIC_NO_PIC = NO;
				GCC_NO_COMMON_BLOCKS = YES;
				GCC_OPTIMIZATION_LEVEL = 0;
				GCC_PREPROCESSOR_DEFINITIONS = (
					"DEBUG=1",
					"$(inherited)",
				);
				GCC_WARN_64_TO_32_BIT_CONVERSION = YES;
				GCC_WARN_ABOUT_RETURN_TYPE = YES_ERROR;
				GCC_WARN_UNDECLARED_SELECTOR = YES;
				GCC_WARN_UNINITIALIZED_AUTOS = YES_AGGRESSIVE;
				GCC_WARN_UNUSED_FUNCTION = YES;
				GCC_WARN_UNUSED_VARIABLE = YES;
				IPHONEOS_DEPLOYMENT_TARGET = 15.0;
				LOCALIZATION_PREFERS_STRING_CATALOGS = YES;
				MTL_ENABLE_DEBUG_INFO = INCLUDE_SOURCE;
				MTL_FAST_MATH = YES;
				ONLY_ACTIVE_ARCH = YES;
				SDKROOT = iphoneos;
				SWIFT_ACTIVE_COMPILATION_CONDITIONS = "DEBUG $(inherited)";
				SWIFT_OPTIMIZATION_LEVEL = "-Onone";
			};
			name = Debug;
		};
		FA1234B2 /* Release */ = {
			isa = XCBuildConfiguration;
			buildSettings = {
				ALWAYS_SEARCH_USER_PATHS = NO;
				ASSETCATALOG_COMPILER_GENERATE_SWIFT_ASSET_SYMBOL_EXTENSIONS = YES;
				CLANG_ANALYZER_NONNULL = YES;
				CLANG_ANALYZER_NUMBER_OBJECT_CONVERSION = YES_AGGRESSIVE;
				CLANG_CXX_LANGUAGE_STANDARD = "gnu++20";
				CLANG_ENABLE_MODULES = YES;
				CLANG_ENABLE_OBJC_ARC = YES;
				CLANG_ENABLE_OBJC_WEAK = YES;
				CLANG_WARN_BLOCK_CAPTURE_AUTORELEASING = YES;
				CLANG_WARN_BOOL_CONVERSION = YES;
				CLANG_WARN_COMMA = YES;
				CLANG_WARN_CONSTANT_CONVERSION = YES;
				CLANG_WARN_DEPRECATED_OBJC_IMPLEMENTATIONS = YES;
				CLANG_WARN_DIRECT_OBJC_ISA_USAGE = YES_ERROR;
				CLANG_WARN_DOCUMENTATION_COMMENTS = YES;
				CLANG_WARN_EMPTY_BODY = YES;
				CLANG_WARN_ENUM_CONVERSION = YES;
				CLANG_WARN_INFINITE_RECURSION = YES;
				CLANG_WARN_INT_CONVERSION = YES;
				CLANG_WARN_NON_LITERAL_NULL_CONVERSION = YES;
				CLANG_WARN_OBJC_IMPLICIT_RETAIN_SELF = YES;
				CLANG_WARN_OBJC_LITERAL_CONVERSION = YES;
				CLANG_WARN_OBJC_ROOT_CLASS = YES_ERROR;
				CLANG_WARN_QUOTED_INCLUDE_IN_FRAMEWORK_HEADER = YES;
				CLANG_WARN_RANGE_LOOP_ANALYSIS = YES;
				CLANG_WARN_STRICT_PROTOTYPES = YES;
				CLANG_WARN_SUSPICIOUS_MOVE = YES;
				CLANG_WARN_UNGUARDED_AVAILABILITY = YES_AGGRESSIVE;
				CLANG_WARN_UNREACHABLE_CODE = YES;
				CLANG_WARN__DUPLICATE_METHOD_MATCH = YES;
				COPY_PHASE_STRIP = NO;
				DEBUG_INFORMATION_FORMAT = "dwarf-with-dsym";
				ENABLE_NS_ASSERTIONS = NO;
				ENABLE_STRICT_OBJC_MSGSEND = YES;
				ENABLE_USER_SCRIPT_SANDBOXING = YES;
				GCC_C_LANGUAGE_STANDARD = gnu17;
				GCC_NO_COMMON_BLOCKS = YES;
				GCC_WARN_64_TO_32_BIT_CONVERSION = YES;
				GCC_WARN_ABOUT_RETURN_TYPE = YES_ERROR;
				GCC_WARN_UNDECLARED_SELECTOR = YES;
				GCC_WARN_UNINITIALIZED_AUTOS = YES_AGGRESSIVE;
				GCC_WARN_UNUSED_FUNCTION = YES;
				GCC_WARN_UNUSED_VARIABLE = YES;
				IPHONEOS_DEPLOYMENT_TARGET = 15.0;
				LOCALIZATION_PREFERS_STRING_CATALOGS = YES;
				MTL_ENABLE_DEBUG_INFO = NO;
				MTL_FAST_MATH = YES;
				SDKROOT = iphoneos;
				SWIFT_COMPILATION_MODE = wholemodule;
				VALIDATE_PRODUCT = YES;
			};
			name = Release;
		};
		FA1234B4 /* Debug */ = {
			isa = XCBuildConfiguration;
			buildSettings = {
				ASSETCATALOG_COMPILER_APPICON_NAME = AppIcon;
				ASSETCATALOG_COMPILER_GLOBAL_ACCENT_COLOR_NAME = AccentColor;
				CODE_SIGN_STYLE = Automatic;
				CURRENT_PROJECT_VERSION = 1;
				DEVELOPMENT_ASSET_PATHS = "\"StreamyyyApp/Preview Content\"";
				ENABLE_PREVIEWS = YES;
				GENERATE_INFOPLIST_FILE = YES;
				INFOPLIST_FILE = StreamyyyApp/Info.plist;
				INFOPLIST_KEY_CFBundleDisplayName = "Streamyyy";
				INFOPLIST_KEY_LSApplicationCategoryType = "public.app-category.entertainment";
				INFOPLIST_KEY_UIApplicationSceneManifest_Generation = YES;
				INFOPLIST_KEY_UIApplicationSupportsIndirectInputEvents = YES;
				INFOPLIST_KEY_UILaunchScreen_Generation = YES;
				INFOPLIST_KEY_UILaunchStoryboardName = LaunchScreen.storyboard;
				INFOPLIST_KEY_UISupportedInterfaceOrientations = UIInterfaceOrientationPortrait;
				INFOPLIST_KEY_UISupportedInterfaceOrientations_iPad = "UIInterfaceOrientationLandscapeLeft UIInterfaceOrientationLandscapeRight UIInterfaceOrientationPortrait UIInterfaceOrientationPortraitUpsideDown";
				IPHONEOS_DEPLOYMENT_TARGET = 15.0;
				LD_RUNPATH_SEARCH_PATHS = (
					"$(inherited)",
					"@executable_path/Frameworks",
				);
				MARKETING_VERSION = 1.0;
				PRODUCT_BUNDLE_IDENTIFIER = com.streamyyy.app;
				PRODUCT_NAME = "$(TARGET_NAME)";
				SUPPORTED_PLATFORMS = "iphoneos iphonesimulator";
				SUPPORTS_MACCATALYST = NO;
				SUPPORTS_MAC_DESIGNED_FOR_IPHONE_IPAD = NO;
				SWIFT_EMIT_LOC_STRINGS = YES;
				SWIFT_VERSION = 5.0;
				TARGETED_DEVICE_FAMILY = "1,2";
			};
			name = Debug;
		};
		FA1234B5 /* Release */ = {
			isa = XCBuildConfiguration;
			buildSettings = {
				ASSETCATALOG_COMPILER_APPICON_NAME = AppIcon;
				ASSETCATALOG_COMPILER_GLOBAL_ACCENT_COLOR_NAME = AccentColor;
				CODE_SIGN_STYLE = Automatic;
				CURRENT_PROJECT_VERSION = 1;
				DEVELOPMENT_ASSET_PATHS = "\"StreamyyyApp/Preview Content\"";
				ENABLE_PREVIEWS = YES;
				GENERATE_INFOPLIST_FILE = YES;
				INFOPLIST_FILE = StreamyyyApp/Info.plist;
				INFOPLIST_KEY_CFBundleDisplayName = "Streamyyy";
				INFOPLIST_KEY_LSApplicationCategoryType = "public.app-category.entertainment";
				INFOPLIST_KEY_UIApplicationSceneManifest_Generation = YES;
				INFOPLIST_KEY_UIApplicationSupportsIndirectInputEvents = YES;
				INFOPLIST_KEY_UILaunchScreen_Generation = YES;
				INFOPLIST_KEY_UILaunchStoryboardName = LaunchScreen.storyboard;
				INFOPLIST_KEY_UISupportedInterfaceOrientations = UIInterfaceOrientationPortrait;
				INFOPLIST_KEY_UISupportedInterfaceOrientations_iPad = "UIInterfaceOrientationLandscapeLeft UIInterfaceOrientationLandscapeRight UIInterfaceOrientationPortrait UIInterfaceOrientationPortraitUpsideDown";
				IPHONEOS_DEPLOYMENT_TARGET = 15.0;
				LD_RUNPATH_SEARCH_PATHS = (
					"$(inherited)",
					"@executable_path/Frameworks",
				);
				MARKETING_VERSION = 1.0;
				PRODUCT_BUNDLE_IDENTIFIER = com.streamyyy.app;
				PRODUCT_NAME = "$(TARGET_NAME)";
				SUPPORTED_PLATFORMS = "iphoneos iphonesimulator";
				SUPPORTS_MACCATALYST = NO;
				SUPPORTS_MAC_DESIGNED_FOR_IPHONE_IPAD = NO;
				SWIFT_EMIT_LOC_STRINGS = YES;
				SWIFT_VERSION = 5.0;
				TARGETED_DEVICE_FAMILY = "1,2";
			};
			name = Release;
		};
/* End XCBuildConfiguration section */

/* Begin XCConfigurationList section */
		FA1234A0 /* Build configuration list for PBXProject "StreamyyyApp" */ = {
			isa = XCConfigurationList;
			buildConfigurations = (
				FA1234B1 /* Debug */,
				FA1234B2 /* Release */,
			);
			defaultConfigurationIsVisible = 0;
			defaultConfigurationName = Release;
		};
		FA1234B3 /* Build configuration list for PBXNativeTarget "StreamyyyApp" */ = {
			isa = XCConfigurationList;
			buildConfigurations = (
				FA1234B4 /* Debug */,
				FA1234B5 /* Release */,
			);
			defaultConfigurationIsVisible = 0;
			defaultConfigurationName = Release;
		};
/* End XCConfigurationList section */
	};
	rootObject = FA12349D /* Project object */;
}